[[package]]
name = "appdirs"
sections = ["all", "ns", "other"]
version = "1.4.4"
marker = "python_version >= '3.6'"
summary = "A small Python module for determining appropriate platform-specific dirs, e.g. a \"user data dir\"."

[[package]]
name = "appnope"
sections = ["all", "default", "other"]
version = "0.1.0"
marker = "sys_platform == 'darwin' and python_version >= '3.6'"
summary = "Disable App Nap on OS X 10.9"

[[package]]
name = "backcall"
sections = ["all", "default", "other"]
version = "0.2.0"
marker = "python_version >= '3.6'"
summary = "Specifications for callback functions passed in to an API"

[[package]]
name = "beautifulsoup4"
sections = ["ns"]
version = "4.9.1"
marker = "python_version >= '3.6'"
summary = "Screen-scraping library"

[package.dependencies]
soupsieve = "<2.0"

[[package]]
name = "better-exceptions"
sections = ["all", "be"]
version = "0.2.2"
summary = "Pretty and helpful exceptions, automatically"

[package.dependencies]
colorama = {marker = "sys_platform == 'win32'", version = "*"}

[[package]]
name = "bs4"
sections = ["ns"]
version = "0.0.1"
marker = "python_version >= '3.6'"
summary = "Screen-scraping library"

[package.dependencies]
beautifulsoup4 = "*"

[[package]]
name = "certifi"
sections = ["all", "ns", "other"]
version = "2020.6.20"
marker = "python_version >= '2.7'"
summary = "Python package for providing Mozilla's CA Bundle."

[[package]]
name = "chardet"
sections = ["all", "ns", "other"]
version = "3.0.4"
marker = "python_version >= '2.7'"
summary = "Universal encoding detector for Python 2 and 3"

[[package]]
name = "colorama"
sections = ["all", "be", "default", "ns", "other"]
version = "0.4.3"
marker = "python_version >= '2.7'"
summary = "Cross-platform colored terminal text."

[[package]]
name = "commonmark"
sections = ["all", "other"]
version = "0.9.1"
marker = "python_version >= '3.6' and python_version < '4.0'"
summary = "Python parser for the CommonMark Markdown spec"

[[package]]
name = "cssselect"
sections = ["ns"]
version = "1.1.0"
marker = "python_version >= '3.6'"
summary = "cssselect parses CSS3 Selectors and translates them to XPath 1.0"

[[package]]
name = "decorator"
sections = ["all", "default", "other"]
version = "4.4.2"
marker = "python_version >= '3.6'"
summary = "Decorators for Humans"

[[package]]
name = "fake-useragent"
sections = ["ns"]
version = "0.1.11"
marker = "python_version >= '3.6'"
summary = "Up to date simple useragent faker with real world database"

[[package]]
name = "h11"
sections = ["all", "other"]
version = "0.9.0"
marker = "python_version >= '3.6'"
summary = "A pure-Python, bring-your-own-I/O implementation of HTTP/1.1"

[[package]]
name = "h2"
sections = ["all", "other"]
version = "3.2.0"
marker = "python_version >= '3.6'"
summary = "HTTP/2 State-Machine based protocol implementation"

[package.dependencies]
hyperframe = "<6,>=5.2.0"
hpack = "<4,>=3.0"

[[package]]
name = "hpack"
sections = ["all", "other"]
version = "3.0.0"
marker = "python_version >= '3.6'"
summary = "Pure-Python HPACK header compression"

[[package]]
name = "hstspreload"
sections = ["all", "other"]
version = "2020.7.21"
marker = "python_version >= '3.6'"
summary = "Chromium HSTS Preload list as a Python package and updated daily"

[[package]]
name = "httpcore"
sections = ["all", "other"]
version = "0.9.1"
marker = "python_version >= '3.6'"
summary = "A minimal low-level HTTP client."

[package.dependencies]
h11 = "<0.10,>=0.8"
h2 = "==3.*"
sniffio = "==1.*"

[[package]]
name = "httpx"
sections = ["all", "other"]
version = "0.13.3"
marker = "python_version >= '3.6'"
summary = "The next generation HTTP client."

[package.dependencies]
certifi = "*"
hstspreload = "*"
sniffio = "*"
chardet = "==3.*"
idna = "==2.*"
rfc3986 = "<2,>=1.3"
httpcore = "==0.9.*"

[[package]]
name = "hyperframe"
sections = ["all", "other"]
version = "5.2.0"
marker = "python_version >= '3.6'"
summary = "HTTP/2 framing layer for Python"

[[package]]
name = "idna"
sections = ["all", "ns", "other"]
version = "2.10"
marker = "python_version >= '2.7'"
summary = "Internationalized Domain Names in Applications (IDNA)"

[[package]]
name = "importlib-metadata"
sections = ["all", "other"]
version = "1.7.0"
marker = "python_version >= '3.6' and python_version < '3.8'"
summary = "Read metadata from Python packages"

[package.dependencies]
zipp = ">=0.5"

[[package]]
name = "ipython"
sections = ["all", "default", "other"]
version = "7.16.1"
marker = "python_version >= '3.6'"
summary = "IPython: Productive Interactive Computing"

[package.dependencies]
backcall = "*"
decorator = "*"
jedi = ">=0.10"
pickleshare = "*"
prompt-toolkit = "!=3.0.0,!=3.0.1,<3.1.0,>=2.0.0"
pygments = "*"
setuptools = ">=18.5"
traitlets = ">=4.2"
pexpect = {marker = "sys_platform != 'win32'", version = "*"}
appnope = {marker = "sys_platform == 'darwin'", version = "*"}
colorama = {marker = "sys_platform == 'win32'", version = "*"}

[[package]]
name = "ipython-genutils"
sections = ["all", "default", "other"]
version = "0.2.0"
marker = "python_version >= '3.6'"
summary = "Vestigial utilities from IPython"

[[package]]
name = "jedi"
sections = ["all", "default", "other"]
version = "0.17.2"
marker = "python_version >= '3.6'"
summary = "An autocompletion tool for Python that can be used for text editors."

[package.dependencies]
parso = "<0.8.0,>=0.7.0"

[[package]]
name = "jupyter-qtconsole-colorschemes"
sections = ["all", "other"]
version = "0.8.1"
summary = "Color Schemes for Jupyter Qt Console"

[[package]]
name = "lxml"
sections = ["ns"]
version = "4.5.2"
marker = "python_version >= '3.6'"
summary = "Powerful and Pythonic XML processing library combining libxml2/libxslt with the ElementTree API."

[[package]]
name = "mpmath"
sections = ["all", "other"]
version = "1.1.0"
marker = "python_version >= '3.5'"
summary = "Python library for arbitrary-precision floating-point arithmetic"

[[package]]
name = "numpy"
sections = ["all", "ns"]
version = "1.19.0"
marker = "python_version >= '3.6'"
summary = "NumPy is the fundamental package for array computing with Python."

[[package]]
name = "pandas"
sections = ["all", "ns"]
version = "1.0.5"
marker = "python_full_version >= '3.6.1'"
summary = "Powerful data structures for data analysis, time series, and statistics"

[package.dependencies]
python-dateutil = ">=2.6.1"
pytz = ">=2017.2"
numpy = ">=1.13.3"

[[package]]
name = "parse"
sections = ["ns"]
version = "1.15.0"
marker = "python_version >= '3.6'"
summary = "parse() is the opposite of format()"

[[package]]
name = "parso"
sections = ["all", "default", "other"]
version = "0.7.0"
marker = "python_version >= '3.6'"
summary = "A Python Parser"

[[package]]
name = "pdir2"
sections = ["all", "ns"]
version = "0.3.1.post2"
summary = "Pretty dir printing with joy"

[package.dependencies]
colorama = {marker = "platform_system == 'Windows'", version = "*"}

[[package]]
name = "pendulum"
sections = ["all", "ns"]
version = "2.1.1"
marker = "python_version >= '2.7' and python_version not in '3.0, 3.1, 3.2, 3.3, 3.4'"
summary = "Python datetimes made easy"

[package.dependencies]
python-dateutil = "<3.0,>=2.6"
pytzdata = ">=2020.1"

[[package]]
name = "pexpect"
sections = ["all", "default", "other"]
version = "4.8.0"
marker = "sys_platform != 'win32' and python_version >= '3.6'"
summary = "Pexpect allows easy control of interactive console applications."

[package.dependencies]
ptyprocess = ">=0.5"

[[package]]
name = "pickleshare"
sections = ["all", "default", "other"]
version = "0.7.5"
marker = "python_version >= '3.6'"
summary = "Tiny 'shelve'-like database with concurrency support"

[[package]]
name = "pprintpp"
sections = ["all", "other"]
version = "0.4.0"
marker = "python_version >= '3.6' and python_version < '4.0'"
summary = "A drop-in replacement for pprint that's actually pretty"

[[package]]
name = "prompt-toolkit"
sections = ["all", "default", "other"]
version = "3.0.5"
marker = "python_full_version >= '3.6.1'"
summary = "Library for building powerful interactive command lines in Python"

[package.dependencies]
wcwidth = "*"

[[package]]
name = "ptipython"
sections = ["all", "other"]
version = "1.0.1"
marker = "python_version >= '2.7' and python_version not in '3.0, 3.1, 3.2, 3.3'"
summary = "Metapackage to install ptpython and ipython."

[package.dependencies]
ipython = {marker = "python_version >= '3.5'", version = "*"}
ptpython = {marker = "python_version >= '3.5'", version = "*"}

[[package]]
name = "ptpython"
sections = ["all", "other"]
version = "3.0.3"
marker = "python_version >= '3.6'"
summary = "Python REPL build on top of prompt_toolkit"

[package.dependencies]
appdirs = "*"
jedi = ">=0.9.0"
prompt-toolkit = "<3.1.0,>=3.0.0"
pygments = "*"
importlib-metadata = {marker = "python_version < '3.8'", version = "*"}

[[package]]
name = "ptyprocess"
sections = ["all", "default", "other"]
version = "0.6.0"
marker = "sys_platform != 'win32' and python_version >= '3.6'"
summary = "Run a subprocess in a pseudo terminal"

[[package]]
name = "pyee"
sections = ["ns"]
version = "7.0.2"
marker = "python_full_version >= '3.6.1' and python_version < '4.0'"
summary = "A port of node.js's EventEmitter to python."

[[package]]
name = "pygments"
sections = ["all", "default", "other"]
version = "2.6.1"
marker = "python_version >= '3.6'"
summary = "Pygments is a syntax highlighting package written in Python."

[[package]]
name = "pyppeteer"
sections = ["ns"]
version = "0.2.2"
marker = "python_full_version >= '3.6.1' and python_version < '4.0'"
summary = "Headless chrome/chromium automation library (unofficial port of puppeteer)"

[package.dependencies]
appdirs = "<2.0.0,>=1.4.3"
pyee = "<8.0.0,>=7.0.1"
tqdm = "<5.0.0,>=4.42.1"
urllib3 = "<2.0.0,>=1.25.8"
websockets = "<9.0,>=8.1"

[[package]]
name = "pyquery"
sections = ["ns"]
version = "1.4.1"
marker = "python_version >= '3.6'"
summary = "A jquery-like library for python"

[package.dependencies]
lxml = ">=2.1"
cssselect = ">0.7.9"

[[package]]
name = "python-dateutil"
sections = ["all", "ns"]
version = "2.8.1"
marker = "python_version >= '2.7'"
summary = "Extensions to the standard Python datetime module"

[package.dependencies]
six = ">=1.5"

[[package]]
name = "pytz"
sections = ["all", "ns"]
version = "2020.1"
marker = "python_full_version >= '3.6.1'"
summary = "World timezone definitions, modern and historical"

[[package]]
name = "pytzdata"
sections = ["all", "ns"]
version = "2020.1"
marker = "python_version >= '2.7' and python_version not in '3.0, 3.1, 3.2, 3.3, 3.4'"
summary = "The Olson timezone database for Python."

[[package]]
name = "requests"
sections = ["all", "ns"]
version = "2.24.0"
marker = "python_version >= '2.7'"
summary = "Python HTTP for Humans."

[package.dependencies]
chardet = "<4,>=3.0.2"
idna = "<3,>=2.5"
urllib3 = "!=1.25.0,!=1.25.1,<1.26,>=1.21.1"
certifi = ">=2017.4.17"

[[package]]
name = "requests-html"
sections = ["ns"]
version = "0.10.0"
marker = "python_version >= '3.6'"
summary = "HTML Parsing for Humans."

[package.dependencies]
requests = "*"
pyquery = "*"
fake-useragent = "*"
parse = "*"
bs4 = "*"
w3lib = "*"
pyppeteer = ">=0.0.14"

[[package]]
name = "rfc3986"
sections = ["all", "other"]
version = "1.4.0"
marker = "python_version >= '3.6'"
summary = "Validating URI References per RFC 3986"

[[package]]
name = "rich"
sections = ["all", "other"]
version = "3.3.2"
marker = "python_version >= '3.6' and python_version < '4.0'"
summary = "Render rich text, tables, progress bars, syntax highlighting, markdown and more to the terminal"

[package.dependencies]
colorama = "<0.5.0,>=0.4.0"
commonmark = "<0.10.0,>=0.9.0"
pprintpp = "<0.5.0,>=0.4.0"
pygments = "<3.0.0,>=2.6.0"
typing-extensions = "<4.0.0,>=3.7.4"

[[package]]
name = "setuptools"
sections = ["all", "default", "other"]
version = "49.2.0"
marker = "python_version >= '3.6'"
summary = "Easily download, build, install, upgrade, and uninstall Python packages"

[[package]]
name = "six"
sections = ["all", "default", "ns", "other"]
version = "1.15.0"
marker = "python_version >= '2.7'"
summary = "Python 2 and 3 compatibility utilities"

[[package]]
name = "sniffio"
sections = ["all", "other"]
version = "1.1.0"
marker = "python_version >= '3.6'"
summary = "Sniff out which async library your code is running under"

[[package]]
name = "soupsieve"
sections = ["ns"]
version = "1.9.6"
marker = "python_version >= '3.6'"
summary = "A modern CSS selector implementation for Beautiful Soup."

[[package]]
name = "stackprinter"
sections = ["all", "sp"]
version = "0.2.4"
marker = "python_version >= '3.4'"
summary = "Debug-friendly stack traces, with variable values and semantic highlighting"

[[package]]
name = "sympy"
sections = ["all", "other"]
version = "1.6.1"
marker = "python_version >= '3.5'"
summary = "Computer algebra system (CAS) in Python"

[package.dependencies]
mpmath = ">=0.19"

[[package]]
name = "tqdm"
sections = ["all", "ns"]
version = "4.48.0"
marker = "python_version >= '2.6'"
summary = "Fast, Extensible Progress Meter"

[[package]]
name = "traitlets"
sections = ["all", "default", "other"]
version = "4.3.3"
marker = "python_version >= '3.6'"
summary = "Traitlets Python config system"

[package.dependencies]
ipython-genutils = "*"
six = "*"
decorator = "*"

[[package]]
name = "typing-extensions"
sections = ["all", "other"]
version = "3.7.4.2"
marker = "python_version >= '3.6' and python_version < '4.0'"
summary = "Backported and Experimental Type Hints for Python 3.5+"

[[package]]
name = "urllib3"
sections = ["all", "ns"]
version = "1.25.9"
marker = "python_version >= '2.7' and python_version < '4.0'"
summary = "HTTP library with thread-safe connection pooling, file post, and more."

[[package]]
name = "w3lib"
sections = ["ns"]
version = "1.22.0"
marker = "python_version >= '3.6'"
summary = "Library of web-related functions"

[package.dependencies]
six = ">=1.4.1"

[[package]]
name = "wcwidth"
sections = ["all", "default", "other"]
version = "0.2.5"
marker = "python_full_version >= '3.6.1'"
summary = "Measures the displayed width of unicode strings in a terminal"

[[package]]
name = "websockets"
sections = ["ns"]
version = "8.1"
marker = "python_full_version >= '3.6.1' and python_version < '4.0'"
summary = "An implementation of the WebSocket Protocol (RFC 6455 & 7692)"

[[package]]
name = "zipp"
sections = ["all", "other"]
version = "3.1.0"
marker = "python_version >= '3.6' and python_version < '3.8'"
summary = "Backport of pathlib-compatible object wrapper for zip files"

[metadata]
"appdirs 1.4.4" = [
    {file = "appdirs-1.4.4-py2.py3-none-any.whl", hash = "sha256:a841dacd6b99318a741b166adb07e19ee71a274450e68237b4650ca1055ab128"},
    {file = "appdirs-1.4.4.tar.gz", hash = "sha256:7d5d0167b2b1ba821647616af46a749d1c653740dd0d2415100fe26e27afdf41"},
]
"appnope 0.1.0" = [
    {file = "appnope-0.1.0-py2.py3-none-any.whl", hash = "sha256:5b26757dc6f79a3b7dc9fab95359328d5747fcb2409d331ea66d0272b90ab2a0"},
    {file = "appnope-0.1.0.tar.gz", hash = "sha256:8b995ffe925347a2138d7ac0fe77155e4311a0ea6d6da4f5128fe4b3cbe5ed71"},
]
"backcall 0.2.0" = [
    {file = "backcall-0.2.0-py2.py3-none-any.whl", hash = "sha256:fbbce6a29f263178a1f7915c1940bde0ec2b2a967566fe1c65c1dfb7422bd255"},
    {file = "backcall-0.2.0.tar.gz", hash = "sha256:5cbdbf27be5e7cfadb448baf0aa95508f91f2bbc6c6437cd9cd06e2a4c215e1e"},
]
"beautifulsoup4 4.9.1" = [
    {file = "beautifulsoup4-4.9.1-py2-none-any.whl", hash = "sha256:e718f2342e2e099b640a34ab782407b7b676f47ee272d6739e60b8ea23829f2c"},
    {file = "beautifulsoup4-4.9.1-py3-none-any.whl", hash = "sha256:a6237df3c32ccfaee4fd201c8f5f9d9df619b93121d01353a64a73ce8c6ef9a8"},
    {file = "beautifulsoup4-4.9.1.tar.gz", hash = "sha256:73cc4d115b96f79c7d77c1c7f7a0a8d4c57860d1041df407dd1aae7f07a77fd7"},
]
"better-exceptions 0.2.2" = [
    {file = "better_exceptions-0.2.2-py3-none-any.whl", hash = "sha256:bf79c87659bc849989d726bf0e4a2100edefe7eded112d201f54fe08467fdf63"},
    {file = "better_exceptions-0.2.2.tar.gz", hash = "sha256:c196cad849de615abb9f6eb67ca1b83f33b938818f0e2fe8fa157b22aeb7b992"},
]
"bs4 0.0.1" = [
    {file = "bs4-0.0.1.tar.gz", hash = "sha256:36ecea1fd7cc5c0c6e4a1ff075df26d50da647b75376626cc186e2212886dd3a"},
]
"certifi 2020.6.20" = [
    {file = "certifi-2020.6.20-py2.py3-none-any.whl", hash = "sha256:8fc0819f1f30ba15bdb34cceffb9ef04d99f420f68eb75d901e9560b8749fc41"},
    {file = "certifi-2020.6.20.tar.gz", hash = "sha256:5930595817496dd21bb8dc35dad090f1c2cd0adfaf21204bf6732ca5d8ee34d3"},
]
"chardet 3.0.4" = [
    {file = "chardet-3.0.4-py2.py3-none-any.whl", hash = "sha256:fc323ffcaeaed0e0a02bf4d117757b98aed530d9ed4531e3e15460124c106691"},
    {file = "chardet-3.0.4.tar.gz", hash = "sha256:84ab92ed1c4d4f16916e05906b6b75a6c0fb5db821cc65e70cbd64a3e2a5eaae"},
]
"colorama 0.4.3" = [
    {file = "colorama-0.4.3-py2.py3-none-any.whl", hash = "sha256:7d73d2a99753107a36ac6b455ee49046802e59d9d076ef8e47b61499fa29afff"},
    {file = "colorama-0.4.3.tar.gz", hash = "sha256:e96da0d330793e2cb9485e9ddfd918d456036c7149416295932478192f4436a1"},
]
"commonmark 0.9.1" = [
    {file = "commonmark-0.9.1-py2.py3-none-any.whl", hash = "sha256:da2f38c92590f83de410ba1a3cbceafbc74fee9def35f9251ba9a971d6d66fd9"},
    {file = "commonmark-0.9.1.tar.gz", hash = "sha256:452f9dc859be7f06631ddcb328b6919c67984aca654e5fefb3914d54691aed60"},
]
"cssselect 1.1.0" = [
    {file = "cssselect-1.1.0-py2.py3-none-any.whl", hash = "sha256:f612ee47b749c877ebae5bb77035d8f4202c6ad0f0fc1271b3c18ad6c4468ecf"},
    {file = "cssselect-1.1.0.tar.gz", hash = "sha256:f95f8dedd925fd8f54edb3d2dfb44c190d9d18512377d3c1e2388d16126879bc"},
]
"decorator 4.4.2" = [
    {file = "decorator-4.4.2-py2.py3-none-any.whl", hash = "sha256:41fa54c2a0cc4ba648be4fd43cff00aedf5b9465c9bf18d64325bc225f08f760"},
    {file = "decorator-4.4.2.tar.gz", hash = "sha256:e3a62f0520172440ca0dcc823749319382e377f37f140a0b99ef45fecb84bfe7"},
]
"fake-useragent 0.1.11" = [
    {file = "fake-useragent-0.1.11.tar.gz", hash = "sha256:c104998b750eb097eefc28ae28e92d66397598d2cf41a31aa45d5559ef1adf35"},
]
"h11 0.9.0" = [
    {file = "h11-0.9.0-py2.py3-none-any.whl", hash = "sha256:4bc6d6a1238b7615b266ada57e0618568066f57dd6fa967d1290ec9309b2f2f1"},
    {file = "h11-0.9.0.tar.gz", hash = "sha256:33d4bca7be0fa039f4e84d50ab00531047e53d6ee8ffbc83501ea602c169cae1"},
]
"h2 3.2.0" = [
    {file = "h2-3.2.0-py2.py3-none-any.whl", hash = "sha256:61e0f6601fa709f35cdb730863b4e5ec7ad449792add80d1410d4174ed139af5"},
    {file = "h2-3.2.0.tar.gz", hash = "sha256:875f41ebd6f2c44781259005b157faed1a5031df3ae5aa7bcb4628a6c0782f14"},
]
"hpack 3.0.0" = [
    {file = "hpack-3.0.0-py2.py3-none-any.whl", hash = "sha256:0edd79eda27a53ba5be2dfabf3b15780928a0dff6eb0c60a3d6767720e970c89"},
    {file = "hpack-3.0.0.tar.gz", hash = "sha256:8eec9c1f4bfae3408a3f30500261f7e6a65912dc138526ea054f9ad98892e9d2"},
]
"hstspreload 2020.7.21" = [
    {file = "hstspreload-2020.7.21-py3-none-any.whl", hash = "sha256:83b9bb1c3f8587a21a7b0b513497516893e598f8314416fdf7bb9d7e1f48e9c7"},
    {file = "hstspreload-2020.7.21.tar.gz", hash = "sha256:c9c89b3ef77ed39d8f2725fdf74114bf8f95a640756d8493a4f25a27d3efb84c"},
]
"httpcore 0.9.1" = [
    {file = "httpcore-0.9.1-py3-none-any.whl", hash = "sha256:9850fe97a166a794d7e920590d5ec49a05488884c9fc8b5dba8561effab0c2a0"},
    {file = "httpcore-0.9.1.tar.gz", hash = "sha256:ecc5949310d9dae4de64648a4ce529f86df1f232ce23dcfefe737c24d21dfbe9"},
]
"httpx 0.13.3" = [
    {file = "httpx-0.13.3-py3-none-any.whl", hash = "sha256:32d930858eab677bc29a742aaa4f096de259f1c78c68a90ad11f5c3c04f08335"},
    {file = "httpx-0.13.3.tar.gz", hash = "sha256:3642bd13e90b80ba8a243a730275eb10a4c26ec96f5fc16b87e458d4ab21efae"},
]
"hyperframe 5.2.0" = [
    {file = "hyperframe-5.2.0-py2.py3-none-any.whl", hash = "sha256:5187962cb16dcc078f23cb5a4b110098d546c3f41ff2d4038a9896893bbd0b40"},
    {file = "hyperframe-5.2.0.tar.gz", hash = "sha256:a9f5c17f2cc3c719b917c4f33ed1c61bd1f8dfac4b1bd23b7c80b3400971b41f"},
]
"idna 2.10" = [
    {file = "idna-2.10-py2.py3-none-any.whl", hash = "sha256:b97d804b1e9b523befed77c48dacec60e6dcb0b5391d57af6a65a312a90648c0"},
    {file = "idna-2.10.tar.gz", hash = "sha256:b307872f855b18632ce0c21c5e45be78c0ea7ae4c15c828c20788b26921eb3f6"},
]
"importlib-metadata 1.7.0" = [
    {file = "importlib_metadata-1.7.0-py2.py3-none-any.whl", hash = "sha256:dc15b2969b4ce36305c51eebe62d418ac7791e9a157911d58bfb1f9ccd8e2070"},
    {file = "importlib_metadata-1.7.0.tar.gz", hash = "sha256:90bb658cdbbf6d1735b6341ce708fc7024a3e14e99ffdc5783edea9f9b077f83"},
]
"ipython 7.16.1" = [
    {file = "ipython-7.16.1-py3-none-any.whl", hash = "sha256:2dbcc8c27ca7d3cfe4fcdff7f45b27f9a8d3edfa70ff8024a71c7a8eb5f09d64"},
    {file = "ipython-7.16.1.tar.gz", hash = "sha256:9f4fcb31d3b2c533333893b9172264e4821c1ac91839500f31bd43f2c59b3ccf"},
]
"ipython-genutils 0.2.0" = [
    {file = "ipython_genutils-0.2.0-py2.py3-none-any.whl", hash = "sha256:72dd37233799e619666c9f639a9da83c34013a73e8bbc79a7a6348d93c61fab8"},
    {file = "ipython_genutils-0.2.0.tar.gz", hash = "sha256:eb2e116e75ecef9d4d228fdc66af54269afa26ab4463042e33785b887c628ba8"},
]
"jedi 0.17.2" = [
    {file = "jedi-0.17.2-py2.py3-none-any.whl", hash = "sha256:98cc583fa0f2f8304968199b01b6b4b94f469a1f4a74c1560506ca2a211378b5"},
    {file = "jedi-0.17.2.tar.gz", hash = "sha256:86ed7d9b750603e4ba582ea8edc678657fb4007894a12bcf6f4bb97892f31d20"},
]
"jupyter-qtconsole-colorschemes 0.8.1" = [
    {file = "jupyter_qtconsole_colorschemes-0.8.1.tar.gz", hash = "sha256:26e12e926be13c2f4e8290b924ee8223d4989fb65c83c6af7197ce3be231d451"},
]
"lxml 4.5.2" = [
    {file = "lxml-4.5.2-cp27-cp27m-macosx_10_9_x86_64.whl", hash = "sha256:74f48ec98430e06c1fa8949b49ebdd8d27ceb9df8d3d1c92e1fdc2773f003f20"},
    {file = "lxml-4.5.2-cp27-cp27m-manylinux1_i686.whl", hash = "sha256:e70d4e467e243455492f5de463b72151cc400710ac03a0678206a5f27e79ddef"},
    {file = "lxml-4.5.2-cp27-cp27m-manylinux1_x86_64.whl", hash = "sha256:7ad7906e098ccd30d8f7068030a0b16668ab8aa5cda6fcd5146d8d20cbaa71b5"},
    {file = "lxml-4.5.2-cp27-cp27m-win32.whl", hash = "sha256:92282c83547a9add85ad658143c76a64a8d339028926d7dc1998ca029c88ea6a"},
    {file = "lxml-4.5.2-cp27-cp27m-win_amd64.whl", hash = "sha256:05a444b207901a68a6526948c7cc8f9fe6d6f24c70781488e32fd74ff5996e3f"},
    {file = "lxml-4.5.2-cp27-cp27mu-manylinux1_i686.whl", hash = "sha256:94150231f1e90c9595ccc80d7d2006c61f90a5995db82bccbca7944fd457f0f6"},
    {file = "lxml-4.5.2-cp27-cp27mu-manylinux1_x86_64.whl", hash = "sha256:bea760a63ce9bba566c23f726d72b3c0250e2fa2569909e2d83cda1534c79443"},
    {file = "lxml-4.5.2-cp35-cp35m-manylinux1_i686.whl", hash = "sha256:c3f511a3c58676147c277eff0224c061dd5a6a8e1373572ac817ac6324f1b1e0"},
    {file = "lxml-4.5.2-cp35-cp35m-manylinux1_x86_64.whl", hash = "sha256:59daa84aef650b11bccd18f99f64bfe44b9f14a08a28259959d33676554065a1"},
    {file = "lxml-4.5.2-cp35-cp35m-manylinux2014_aarch64.whl", hash = "sha256:c9d317efde4bafbc1561509bfa8a23c5cab66c44d49ab5b63ff690f5159b2304"},
    {file = "lxml-4.5.2-cp35-cp35m-win32.whl", hash = "sha256:9dc9006dcc47e00a8a6a029eb035c8f696ad38e40a27d073a003d7d1443f5d88"},
    {file = "lxml-4.5.2-cp35-cp35m-win_amd64.whl", hash = "sha256:08fc93257dcfe9542c0a6883a25ba4971d78297f63d7a5a26ffa34861ca78730"},
    {file = "lxml-4.5.2-cp36-cp36m-macosx_10_9_x86_64.whl", hash = "sha256:121b665b04083a1e85ff1f5243d4a93aa1aaba281bc12ea334d5a187278ceaf1"},
    {file = "lxml-4.5.2-cp36-cp36m-manylinux1_i686.whl", hash = "sha256:5591c4164755778e29e69b86e425880f852464a21c7bb53c7ea453bbe2633bbe"},
    {file = "lxml-4.5.2-cp36-cp36m-manylinux1_x86_64.whl", hash = "sha256:cc411ad324a4486b142c41d9b2b6a722c534096963688d879ea6fa8a35028258"},
    {file = "lxml-4.5.2-cp36-cp36m-manylinux2014_aarch64.whl", hash = "sha256:1fa21263c3aba2b76fd7c45713d4428dbcc7644d73dcf0650e9d344e433741b3"},
    {file = "lxml-4.5.2-cp36-cp36m-win32.whl", hash = "sha256:786aad2aa20de3dbff21aab86b2fb6a7be68064cbbc0219bde414d3a30aa47ae"},
    {file = "lxml-4.5.2-cp36-cp36m-win_amd64.whl", hash = "sha256:e1cacf4796b20865789083252186ce9dc6cc59eca0c2e79cca332bdff24ac481"},
    {file = "lxml-4.5.2-cp37-cp37m-macosx_10_9_x86_64.whl", hash = "sha256:80a38b188d20c0524fe8959c8ce770a8fdf0e617c6912d23fc97c68301bb9aba"},
    {file = "lxml-4.5.2-cp37-cp37m-manylinux1_i686.whl", hash = "sha256:ecc930ae559ea8a43377e8b60ca6f8d61ac532fc57efb915d899de4a67928efd"},
    {file = "lxml-4.5.2-cp37-cp37m-manylinux1_x86_64.whl", hash = "sha256:a76979f728dd845655026ab991df25d26379a1a8fc1e9e68e25c7eda43004bed"},
    {file = "lxml-4.5.2-cp37-cp37m-manylinux2014_aarch64.whl", hash = "sha256:cfd7c5dd3c35c19cec59c63df9571c67c6d6e5c92e0fe63517920e97f61106d1"},
    {file = "lxml-4.5.2-cp37-cp37m-win32.whl", hash = "sha256:5a9c8d11aa2c8f8b6043d845927a51eb9102eb558e3f936df494e96393f5fd3e"},
    {file = "lxml-4.5.2-cp37-cp37m-win_amd64.whl", hash = "sha256:4b4a111bcf4b9c948e020fd207f915c24a6de3f1adc7682a2d92660eb4e84f1a"},
    {file = "lxml-4.5.2-cp38-cp38-macosx_10_9_x86_64.whl", hash = "sha256:5dd20538a60c4cc9a077d3b715bb42307239fcd25ef1ca7286775f95e9e9a46d"},
    {file = "lxml-4.5.2-cp38-cp38-manylinux1_i686.whl", hash = "sha256:2b30aa2bcff8e958cd85d907d5109820b01ac511eae5b460803430a7404e34d7"},
    {file = "lxml-4.5.2-cp38-cp38-manylinux1_x86_64.whl", hash = "sha256:aa8eba3db3d8761db161003e2d0586608092e217151d7458206e243be5a43843"},
    {file = "lxml-4.5.2-cp38-cp38-manylinux2014_aarch64.whl", hash = "sha256:8f0ec6b9b3832e0bd1d57af41f9238ea7709bbd7271f639024f2fc9d3bb01293"},
    {file = "lxml-4.5.2-cp38-cp38-win32.whl", hash = "sha256:107781b213cf7201ec3806555657ccda67b1fccc4261fb889ef7fc56976db81f"},
    {file = "lxml-4.5.2-cp38-cp38-win_amd64.whl", hash = "sha256:f161af26f596131b63b236372e4ce40f3167c1b5b5d459b29d2514bd8c9dc9ee"},
    {file = "lxml-4.5.2.tar.gz", hash = "sha256:cdc13a1682b2a6241080745b1953719e7fe0850b40a5c71ca574f090a1391df6"},
]
"mpmath 1.1.0" = [
    {file = "mpmath-1.1.0.tar.gz", hash = "sha256:fc17abe05fbab3382b61a123c398508183406fa132e0223874578e20946499f6"},
]
"numpy 1.19.0" = [
    {file = "numpy-1.19.0-cp36-cp36m-macosx_10_9_x86_64.whl", hash = "sha256:63d971bb211ad3ca37b2adecdd5365f40f3b741a455beecba70fd0dde8b2a4cb"},
    {file = "numpy-1.19.0-cp36-cp36m-manylinux1_i686.whl", hash = "sha256:b6aaeadf1e4866ca0fdf7bb4eed25e521ae21a7947c59f78154b24fc7abbe1dd"},
    {file = "numpy-1.19.0-cp36-cp36m-manylinux1_x86_64.whl", hash = "sha256:13af0184177469192d80db9bd02619f6fa8b922f9f327e077d6f2a6acb1ce1c0"},
    {file = "numpy-1.19.0-cp36-cp36m-manylinux2010_i686.whl", hash = "sha256:356f96c9fbec59974a592452ab6a036cd6f180822a60b529a975c9467fcd5f23"},
    {file = "numpy-1.19.0-cp36-cp36m-manylinux2010_x86_64.whl", hash = "sha256:fa1fe75b4a9e18b66ae7f0b122543c42debcf800aaafa0212aaff3ad273c2596"},
    {file = "numpy-1.19.0-cp36-cp36m-manylinux2014_aarch64.whl", hash = "sha256:cbe326f6d364375a8e5a8ccb7e9cd73f4b2f6dc3b2ed205633a0db8243e2a96a"},
    {file = "numpy-1.19.0-cp36-cp36m-win32.whl", hash = "sha256:a2e3a39f43f0ce95204beb8fe0831199542ccab1e0c6e486a0b4947256215632"},
    {file = "numpy-1.19.0-cp36-cp36m-win_amd64.whl", hash = "sha256:7b852817800eb02e109ae4a9cef2beda8dd50d98b76b6cfb7b5c0099d27b52d4"},
    {file = "numpy-1.19.0-cp37-cp37m-macosx_10_9_x86_64.whl", hash = "sha256:d97a86937cf9970453c3b62abb55a6475f173347b4cde7f8dcdb48c8e1b9952d"},
    {file = "numpy-1.19.0-cp37-cp37m-manylinux1_i686.whl", hash = "sha256:a86c962e211f37edd61d6e11bb4df7eddc4a519a38a856e20a6498c319efa6b0"},
    {file = "numpy-1.19.0-cp37-cp37m-manylinux1_x86_64.whl", hash = "sha256:d34fbb98ad0d6b563b95de852a284074514331e6b9da0a9fc894fb1cdae7a79e"},
    {file = "numpy-1.19.0-cp37-cp37m-manylinux2010_i686.whl", hash = "sha256:658624a11f6e1c252b2cd170d94bf28c8f9410acab9f2fd4369e11e1cd4e1aaf"},
    {file = "numpy-1.19.0-cp37-cp37m-manylinux2010_x86_64.whl", hash = "sha256:4d054f013a1983551254e2379385e359884e5af105e3efe00418977d02f634a7"},
    {file = "numpy-1.19.0-cp37-cp37m-manylinux2014_aarch64.whl", hash = "sha256:26a45798ca2a4e168d00de75d4a524abf5907949231512f372b217ede3429e98"},
    {file = "numpy-1.19.0-cp37-cp37m-win32.whl", hash = "sha256:3c40c827d36c6d1c3cf413694d7dc843d50997ebffbc7c87d888a203ed6403a7"},
    {file = "numpy-1.19.0-cp37-cp37m-win_amd64.whl", hash = "sha256:be62aeff8f2f054eff7725f502f6228298891fd648dc2630e03e44bf63e8cee0"},
    {file = "numpy-1.19.0-cp38-cp38-macosx_10_9_x86_64.whl", hash = "sha256:dd53d7c4a69e766e4900f29db5872f5824a06827d594427cf1a4aa542818b796"},
    {file = "numpy-1.19.0-cp38-cp38-manylinux1_i686.whl", hash = "sha256:30a59fb41bb6b8c465ab50d60a1b298d1cd7b85274e71f38af5a75d6c475d2d2"},
    {file = "numpy-1.19.0-cp38-cp38-manylinux1_x86_64.whl", hash = "sha256:df1889701e2dfd8ba4dc9b1a010f0a60950077fb5242bb92c8b5c7f1a6f2668a"},
    {file = "numpy-1.19.0-cp38-cp38-manylinux2010_i686.whl", hash = "sha256:33c623ef9ca5e19e05991f127c1be5aeb1ab5cdf30cb1c5cf3960752e58b599b"},
    {file = "numpy-1.19.0-cp38-cp38-manylinux2010_x86_64.whl", hash = "sha256:26f509450db547e4dfa3ec739419b31edad646d21fb8d0ed0734188b35ff6b27"},
    {file = "numpy-1.19.0-cp38-cp38-manylinux2014_aarch64.whl", hash = "sha256:7b57f26e5e6ee2f14f960db46bd58ffdca25ca06dd997729b1b179fddd35f5a3"},
    {file = "numpy-1.19.0-cp38-cp38-win32.whl", hash = "sha256:a8705c5073fe3fcc297fb8e0b31aa794e05af6a329e81b7ca4ffecab7f2b95ef"},
    {file = "numpy-1.19.0-cp38-cp38-win_amd64.whl", hash = "sha256:c2edbb783c841e36ca0fa159f0ae97a88ce8137fb3a6cd82eae77349ba4b607b"},
    {file = "numpy-1.19.0-pp36-pypy36_pp73-manylinux2010_x86_64.whl", hash = "sha256:8cde829f14bd38f6da7b2954be0f2837043e8b8d7a9110ec5e318ae6bf706610"},
    {file = "numpy-1.19.0.zip", hash = "sha256:76766cc80d6128750075378d3bb7812cf146415bd29b588616f72c943c00d598"},
]
"pandas 1.0.5" = [
    {file = "pandas-1.0.5-cp36-cp36m-macosx_10_9_x86_64.whl", hash = "sha256:faa42a78d1350b02a7d2f0dbe3c80791cf785663d6997891549d0f86dc49125e"},
    {file = "pandas-1.0.5-cp36-cp36m-manylinux1_i686.whl", hash = "sha256:9c31d52f1a7dd2bb4681d9f62646c7aa554f19e8e9addc17e8b1b20011d7522d"},
    {file = "pandas-1.0.5-cp36-cp36m-manylinux1_x86_64.whl", hash = "sha256:8778a5cc5a8437a561e3276b85367412e10ae9fff07db1eed986e427d9a674f8"},
    {file = "pandas-1.0.5-cp36-cp36m-win32.whl", hash = "sha256:9871ef5ee17f388f1cb35f76dc6106d40cb8165c562d573470672f4cdefa59ef"},
    {file = "pandas-1.0.5-cp36-cp36m-win_amd64.whl", hash = "sha256:35b670b0abcfed7cad76f2834041dcf7ae47fd9b22b63622d67cdc933d79f453"},
    {file = "pandas-1.0.5-cp37-cp37m-macosx_10_9_x86_64.whl", hash = "sha256:c9410ce8a3dee77653bc0684cfa1535a7f9c291663bd7ad79e39f5ab58f67ab3"},
    {file = "pandas-1.0.5-cp37-cp37m-manylinux1_i686.whl", hash = "sha256:02f1e8f71cd994ed7fcb9a35b6ddddeb4314822a0e09a9c5b2d278f8cb5d4096"},
    {file = "pandas-1.0.5-cp37-cp37m-manylinux1_x86_64.whl", hash = "sha256:b3c4f93fcb6e97d993bf87cdd917883b7dab7d20c627699f360a8fb49e9e0b91"},
    {file = "pandas-1.0.5-cp37-cp37m-win32.whl", hash = "sha256:5759edf0b686b6f25a5d4a447ea588983a33afc8a0081a0954184a4a87fd0dd7"},
    {file = "pandas-1.0.5-cp37-cp37m-win_amd64.whl", hash = "sha256:ab8173a8efe5418bbe50e43f321994ac6673afc5c7c4839014cf6401bbdd0705"},
    {file = "pandas-1.0.5-cp38-cp38-macosx_10_9_x86_64.whl", hash = "sha256:13f75fb18486759da3ff40f5345d9dd20e7d78f2a39c5884d013456cec9876f0"},
    {file = "pandas-1.0.5-cp38-cp38-manylinux1_i686.whl", hash = "sha256:5a7cf6044467c1356b2b49ef69e50bf4d231e773c3ca0558807cdba56b76820b"},
    {file = "pandas-1.0.5-cp38-cp38-manylinux1_x86_64.whl", hash = "sha256:ae961f1f0e270f1e4e2273f6a539b2ea33248e0e3a11ffb479d757918a5e03a9"},
    {file = "pandas-1.0.5-cp38-cp38-win32.whl", hash = "sha256:f69e0f7b7c09f1f612b1f8f59e2df72faa8a6b41c5a436dde5b615aaf948f107"},
    {file = "pandas-1.0.5-cp38-cp38-win_amd64.whl", hash = "sha256:4c73f373b0800eb3062ffd13d4a7a2a6d522792fa6eb204d67a4fad0a40f03dc"},
    {file = "pandas-1.0.5.tar.gz", hash = "sha256:69c5d920a0b2a9838e677f78f4dde506b95ea8e4d30da25859db6469ded84fa8"},
]
"parse 1.15.0" = [
    {file = "parse-1.15.0.tar.gz", hash = "sha256:a6d4e2c2f1fbde6717d28084a191a052950f758c0cbd83805357e6575c2b95c0"},
]
"parso 0.7.0" = [
    {file = "parso-0.7.0-py2.py3-none-any.whl", hash = "sha256:158c140fc04112dc45bca311633ae5033c2c2a7b732fa33d0955bad8152a8dd0"},
    {file = "parso-0.7.0.tar.gz", hash = "sha256:908e9fae2144a076d72ae4e25539143d40b8e3eafbaeae03c1bfe226f4cdf12c"},
]
"pdir2 0.3.1.post2" = [
    {file = "pdir2-0.3.1.post2-py2.py3-none-any.whl", hash = "sha256:71761d0fe879de2c91fc36ecdb9a7f20d059deee7d94d0f10c2dea2cca1c1929"},
    {file = "pdir2-0.3.1.post2.tar.gz", hash = "sha256:f3c08df2387e6d34f2ce22be78de9dd809fcffae96a69be733a4e99a2b5d8872"},
]
"pendulum 2.1.1" = [
    {file = "pendulum-2.1.1-cp27-cp27m-macosx_10_15_x86_64.whl", hash = "sha256:96e505bc691ae3e7c268b803f21e5f8df60ee232bf02bad4f7c9a03dfaad6497"},
    {file = "pendulum-2.1.1-cp27-cp27m-win_amd64.whl", hash = "sha256:78796e50be4ee8e70dfcceb3de41c50d345c8f44a90d1aca071643dd56f6ede0"},
    {file = "pendulum-2.1.1-cp35-cp35m-macosx_10_15_x86_64.whl", hash = "sha256:6885bba9b69a832227d05dd8efccce57a0945e64369a656a4def7a77e3e6bac1"},
    {file = "pendulum-2.1.1-cp35-cp35m-manylinux1_i686.whl", hash = "sha256:777bc1ad267e6976ac023c051f00ea88b9f270e7cc407f4b1e9c4e4d42a766d2"},
    {file = "pendulum-2.1.1-cp35-cp35m-manylinux1_x86_64.whl", hash = "sha256:63f19df4af2b8d2d806c2cab8f327f78eef4ced688e911bd529b88bca92342b1"},
    {file = "pendulum-2.1.1-cp35-cp35m-win_amd64.whl", hash = "sha256:3952247f6110fed884edc219be51d0c40a339e892bb4aa24631413e0fd5704eb"},
    {file = "pendulum-2.1.1-cp36-cp36m-macosx_10_15_x86_64.whl", hash = "sha256:f69a4ff9b57f934f077c6a19cc6612b2a3ad07190f47a1ffe2f143860dcef945"},
    {file = "pendulum-2.1.1-cp36-cp36m-manylinux1_i686.whl", hash = "sha256:0f5ede5e36d781e88346e9ac77f2e23459f1eb6a428545d944206517cd97202c"},
    {file = "pendulum-2.1.1-cp36-cp36m-manylinux1_x86_64.whl", hash = "sha256:ac74cfdd510a7b60dde5f784be3dc11bc2a51910d78aebbe48fd7ebb1cbc91af"},
    {file = "pendulum-2.1.1-cp36-cp36m-win_amd64.whl", hash = "sha256:5e1e3b419198028de731d41bb2e2fe3be50c3562f384781d87c30a2127c0fb97"},
    {file = "pendulum-2.1.1-cp37-cp37m-macosx_10_15_x86_64.whl", hash = "sha256:d45342d158a736abc4c52e2de0b95971ed42588b330f18549c13750029ec9875"},
    {file = "pendulum-2.1.1-cp37-cp37m-manylinux1_i686.whl", hash = "sha256:0ac7c282f5416988cd5f1176cde4d5abb3aae2f0059256ddbab4424958c993aa"},
    {file = "pendulum-2.1.1-cp37-cp37m-manylinux1_x86_64.whl", hash = "sha256:33b9ae514a0f0d6b1aa01a9f00248a208b9d1af9a591f8945b0eda54c00153f0"},
    {file = "pendulum-2.1.1-cp37-cp37m-win_amd64.whl", hash = "sha256:1e7fbed644a94c00d6488f50dfe9a254e5a2be6424fe87e7462ce9c5b62afee7"},
    {file = "pendulum-2.1.1-cp38-cp38-macosx_10_15_x86_64.whl", hash = "sha256:dfe73a2c3a77f1a5d505288c1fe022032bf5e7cee539a52e8092d59dd01093ed"},
    {file = "pendulum-2.1.1-cp38-cp38-manylinux1_i686.whl", hash = "sha256:bd211bf6ea8830955723305cca5b6bb54631af4466d0e2fb3ae108f67d847aed"},
    {file = "pendulum-2.1.1-cp38-cp38-manylinux1_x86_64.whl", hash = "sha256:c922ed6b1568503b0db53ae0e3d96fc0c604579f7c1e9e6244d9f520e06dd9d4"},
    {file = "pendulum-2.1.1-cp38-cp38-win_amd64.whl", hash = "sha256:150b19321ab9c277cc9fceddb985ed8f328ad533cef937c91ad0dfaee36d21e8"},
    {file = "pendulum-2.1.1-cp39-cp39-manylinux1_i686.whl", hash = "sha256:951427c477501cc413b80a457ff05e5e4fe21ee55ca46e54ac1fab6e83e18c9c"},
    {file = "pendulum-2.1.1-cp39-cp39-manylinux1_x86_64.whl", hash = "sha256:14804e3f61f934cacc8d5a925f99836a4084221cfaf237b26067199a78f117a9"},
    {file = "pendulum-2.1.1.tar.gz", hash = "sha256:d97739a7a5d5fc64e98bab46b292ac9f15aee88b5d3851cd6037d011a7b18af0"},
]
"pexpect 4.8.0" = [
    {file = "pexpect-4.8.0-py2.py3-none-any.whl", hash = "sha256:0b48a55dcb3c05f3329815901ea4fc1537514d6ba867a152b581d69ae3710937"},
    {file = "pexpect-4.8.0.tar.gz", hash = "sha256:fc65a43959d153d0114afe13997d439c22823a27cefceb5ff35c2178c6784c0c"},
]
"pickleshare 0.7.5" = [
    {file = "pickleshare-0.7.5-py2.py3-none-any.whl", hash = "sha256:9649af414d74d4df115d5d718f82acb59c9d418196b7b4290ed47a12ce62df56"},
    {file = "pickleshare-0.7.5.tar.gz", hash = "sha256:87683d47965c1da65cdacaf31c8441d12b8044cdec9aca500cd78fc2c683afca"},
]
"pprintpp 0.4.0" = [
    {file = "pprintpp-0.4.0-py2.py3-none-any.whl", hash = "sha256:b6b4dcdd0c0c0d75e4d7b2f21a9e933e5b2ce62b26e1a54537f9651ae5a5c01d"},
    {file = "pprintpp-0.4.0.tar.gz", hash = "sha256:ea826108e2c7f49dc6d66c752973c3fc9749142a798d6b254e1e301cfdbc6403"},
]
"prompt-toolkit 3.0.5" = [
    {file = "prompt_toolkit-3.0.5-py3-none-any.whl", hash = "sha256:df7e9e63aea609b1da3a65641ceaf5bc7d05e0a04de5bd45d05dbeffbabf9e04"},
    {file = "prompt_toolkit-3.0.5.tar.gz", hash = "sha256:563d1a4140b63ff9dd587bda9557cffb2fe73650205ab6f4383092fb882e7dc8"},
]
"ptipython 1.0.1" = [
    {file = "ptipython-1.0.1-py2.py3-none-any.whl", hash = "sha256:0953e4bf835bea911394b2ee3fc1cbf1a2ae9ca1886dc6fca86ece3a1e51a1e3"},
    {file = "ptipython-1.0.1.tar.gz", hash = "sha256:0a4375af55c306ce6570f205adba290128979f7d6dff29cc4960c76aedb53788"},
]
"ptpython 3.0.3" = [
    {file = "ptpython-3.0.3-py2.py3-none-any.whl", hash = "sha256:edaf32b9ea92034b0b3666258176bbd171901bede603510fc9a1d82b626a39b2"},
    {file = "ptpython-3.0.3.tar.gz", hash = "sha256:9ac4e4047ca3a03133702a353a93cf56ca1ec1162bc7ecaff087a91c03e3827b"},
]
"ptyprocess 0.6.0" = [
    {file = "ptyprocess-0.6.0-py2.py3-none-any.whl", hash = "sha256:d7cc528d76e76342423ca640335bd3633420dc1366f258cb31d05e865ef5ca1f"},
    {file = "ptyprocess-0.6.0.tar.gz", hash = "sha256:923f299cc5ad920c68f2bc0bc98b75b9f838b93b599941a6b63ddbc2476394c0"},
]
"pyee 7.0.2" = [
    {file = "pyee-7.0.2-py2.py3-none-any.whl", hash = "sha256:a0fee808414a4fc077d81be80dfe785879430b03101088747714c045292751c0"},
    {file = "pyee-7.0.2.tar.gz", hash = "sha256:c908d1ecb32918bbf7dbb895a093153b0ca1ed8f04fc067d98bd4c5917aeb3d8"},
]
"pygments 2.6.1" = [
    {file = "Pygments-2.6.1-py3-none-any.whl", hash = "sha256:ff7a40b4860b727ab48fad6360eb351cc1b33cbf9b15a0f689ca5353e9463324"},
    {file = "Pygments-2.6.1.tar.gz", hash = "sha256:647344a061c249a3b74e230c739f434d7ea4d8b1d5f3721bc0f3558049b38f44"},
]
"pyppeteer 0.2.2" = [
    {file = "pyppeteer-0.2.2-py3-none-any.whl", hash = "sha256:27d1f1a54e233428b4de3489d516db7d4805f67442bb77a7718cc04d7a40debb"},
    {file = "pyppeteer-0.2.2.tar.gz", hash = "sha256:153c62666fe1d55b3941d1634733c02cafb47188fcf282987371e863d58f22e9"},
]
"pyquery 1.4.1" = [
    {file = "pyquery-1.4.1-py2.py3-none-any.whl", hash = "sha256:710eac327b87f15f74a95c3378c6ba62ef6fcfb0a6d009a7d33349c9f7e65835"},
    {file = "pyquery-1.4.1.tar.gz", hash = "sha256:8fcf77c72e3d602ce10a0bd4e65f57f0945c18e15627e49130c27172d4939d98"},
]
"python-dateutil 2.8.1" = [
    {file = "python_dateutil-2.8.1-py2.py3-none-any.whl", hash = "sha256:75bb3f31ea686f1197762692a9ee6a7550b59fc6ca3a1f4b5d7e32fb98e2da2a"},
    {file = "python-dateutil-2.8.1.tar.gz", hash = "sha256:73ebfe9dbf22e832286dafa60473e4cd239f8592f699aa5adaf10050e6e1823c"},
]
"pytz 2020.1" = [
    {file = "pytz-2020.1-py2.py3-none-any.whl", hash = "sha256:a494d53b6d39c3c6e44c3bec237336e14305e4f29bbf800b599253057fbb79ed"},
    {file = "pytz-2020.1.tar.gz", hash = "sha256:c35965d010ce31b23eeb663ed3cc8c906275d6be1a34393a1d73a41febf4a048"},
]
"pytzdata 2020.1" = [
    {file = "pytzdata-2020.1-py2.py3-none-any.whl", hash = "sha256:e1e14750bcf95016381e4d472bad004eef710f2d6417240904070b3d6654485f"},
    {file = "pytzdata-2020.1.tar.gz", hash = "sha256:3efa13b335a00a8de1d345ae41ec78dd11c9f8807f522d39850f2dd828681540"},
]
"requests 2.24.0" = [
    {file = "requests-2.24.0-py2.py3-none-any.whl", hash = "sha256:fe75cc94a9443b9246fc7049224f75604b113c36acb93f87b80ed42c44cbb898"},
    {file = "requests-2.24.0.tar.gz", hash = "sha256:b3559a131db72c33ee969480840fff4bb6dd111de7dd27c8ee1f820f4f00231b"},
]
"requests-html 0.10.0" = [
    {file = "requests_html-0.10.0-py3-none-any.whl", hash = "sha256:cb8a78cf829c4eca9d6233f28524f65dd2bfaafb4bdbbc407f0a0b8f487df6e2"},
    {file = "requests-html-0.10.0.tar.gz", hash = "sha256:7e929ecfed95fb1d0994bb368295d6d7c4d06b03fcb900c33d7d0b17e6003947"},
]
"rfc3986 1.4.0" = [
    {file = "rfc3986-1.4.0-py2.py3-none-any.whl", hash = "sha256:af9147e9aceda37c91a05f4deb128d4b4b49d6b199775fd2d2927768abdc8f50"},
    {file = "rfc3986-1.4.0.tar.gz", hash = "sha256:112398da31a3344dc25dbf477d8df6cb34f9278a94fee2625d89e4514be8bb9d"},
]
"rich 3.3.2" = [
    {file = "rich-3.3.2-py3-none-any.whl", hash = "sha256:cdfd52836a3c1e8074dc31f2e782214640cc567ac473b9ca87da605003f51d08"},
    {file = "rich-3.3.2.tar.gz", hash = "sha256:bc8a5aa11fb1b11199b24c7f670bdb183b4de2504526767980fff2be553c3efc"},
]
"setuptools 49.2.0" = [
    {file = "setuptools-49.2.0-py3-none-any.whl", hash = "sha256:272c7f48f5cddc5af5901f4265274c421c7eede5c8bc454ac2903d3f8fc365e9"},
    {file = "setuptools-49.2.0.zip", hash = "sha256:afe9e81fee0270d3f60d52608549cc8ec4c46dada8c95640c1a00160f577acf2"},
]
"six 1.15.0" = [
    {file = "six-1.15.0-py2.py3-none-any.whl", hash = "sha256:8b74bedcbbbaca38ff6d7491d76f2b06b3592611af620f8426e82dddb04a5ced"},
    {file = "six-1.15.0.tar.gz", hash = "sha256:30639c035cdb23534cd4aa2dd52c3bf48f06e5f4a941509c8bafd8ce11080259"},
]
"sniffio 1.1.0" = [
    {file = "sniffio-1.1.0-py3-none-any.whl", hash = "sha256:20ed6d5b46f8ae136d00b9dcb807615d83ed82ceea6b2058cecb696765246da5"},
    {file = "sniffio-1.1.0.tar.gz", hash = "sha256:8e3810100f69fe0edd463d02ad407112542a11ffdc29f67db2bf3771afb87a21"},
]
"soupsieve 1.9.6" = [
    {file = "soupsieve-1.9.6-py2.py3-none-any.whl", hash = "sha256:feb1e937fa26a69e08436aad4a9037cd7e1d4c7212909502ba30701247ff8abd"},
    {file = "soupsieve-1.9.6.tar.gz", hash = "sha256:7985bacc98c34923a439967c1a602dc4f1e15f923b6fcf02344184f86cc7efaa"},
]
"stackprinter 0.2.4" = [
    {file = "stackprinter-0.2.4-py3-none-any.whl", hash = "sha256:d181cdd2bfc29b464926c5be77eb9aa6e58031cac98b07b8d513c6e6eeeb2fab"},
    {file = "stackprinter-0.2.4.tar.gz", hash = "sha256:ad985518324298de6d6339c9e94e9744cc17244d566d50c00ee103aa44afcabe"},
]
"sympy 1.6.1" = [
    {file = "sympy-1.6.1-py3-none-any.whl", hash = "sha256:7f50d922bf055560429777447ac827620fd86d39d1de4ea057422e7552c65f3b"},
    {file = "sympy-1.6.1.tar.gz", hash = "sha256:7386dba4f7e162e90766b5ea7cab5938c2fe3c620b310518c8ff504b283cb15b"},
]
"tqdm 4.48.0" = [
    {file = "tqdm-4.48.0-py2.py3-none-any.whl", hash = "sha256:fcb7cb5b729b60a27f300b15c1ffd4744f080fb483b88f31dc8654b082cc8ea5"},
    {file = "tqdm-4.48.0.tar.gz", hash = "sha256:6baa75a88582b1db6d34ce4690da5501d2a1cb65c34664840a456b2c9f794d29"},
]
"traitlets 4.3.3" = [
    {file = "traitlets-4.3.3-py2.py3-none-any.whl", hash = "sha256:70b4c6a1d9019d7b4f6846832288f86998aa3b9207c6821f3578a6a6a467fe44"},
    {file = "traitlets-4.3.3.tar.gz", hash = "sha256:d023ee369ddd2763310e4c3eae1ff649689440d4ae59d7485eb4cfbbe3e359f7"},
]
"typing-extensions 3.7.4.2" = [
    {file = "typing_extensions-3.7.4.2-py2-none-any.whl", hash = "sha256:f8d2bd89d25bc39dabe7d23df520442fa1d8969b82544370e03d88b5a591c392"},
    {file = "typing_extensions-3.7.4.2-py3-none-any.whl", hash = "sha256:6e95524d8a547a91e08f404ae485bbb71962de46967e1b71a0cb89af24e761c5"},
    {file = "typing_extensions-3.7.4.2.tar.gz", hash = "sha256:79ee589a3caca649a9bfd2a8de4709837400dfa00b6cc81962a1e6a1815969ae"},
]
"urllib3 1.25.9" = [
    {file = "urllib3-1.25.9-py2.py3-none-any.whl", hash = "sha256:88206b0eb87e6d677d424843ac5209e3fb9d0190d0ee169599165ec25e9d9115"},
    {file = "urllib3-1.25.9.tar.gz", hash = "sha256:3018294ebefce6572a474f0604c2021e33b3fd8006ecd11d62107a5d2a963527"},
]
"w3lib 1.22.0" = [
    {file = "w3lib-1.22.0-py2.py3-none-any.whl", hash = "sha256:0161d55537063e00d95a241663ede3395c4c6d7b777972ba2fd58bbab2001e53"},
    {file = "w3lib-1.22.0.tar.gz", hash = "sha256:0ad6d0203157d61149fd45aaed2e24f53902989c32fc1dccc2e2bfba371560df"},
]
"wcwidth 0.2.5" = [
    {file = "wcwidth-0.2.5-py2.py3-none-any.whl", hash = "sha256:beb4802a9cebb9144e99086eff703a642a13d6a0052920003a230f3294bbe784"},
    {file = "wcwidth-0.2.5.tar.gz", hash = "sha256:c4d647b99872929fdb7bdcaa4fbe7f01413ed3d98077df798530e5b04f116c83"},
]
"websockets 8.1" = [
    {file = "websockets-8.1-cp36-cp36m-macosx_10_6_intel.whl", hash = "sha256:3762791ab8b38948f0c4d281c8b2ddfa99b7e510e46bd8dfa942a5fff621068c"},
    {file = "websockets-8.1-cp36-cp36m-manylinux1_i686.whl", hash = "sha256:3db87421956f1b0779a7564915875ba774295cc86e81bc671631379371af1170"},
    {file = "websockets-8.1-cp36-cp36m-manylinux1_x86_64.whl", hash = "sha256:4f9f7d28ce1d8f1295717c2c25b732c2bc0645db3215cf757551c392177d7cb8"},
    {file = "websockets-8.1-cp36-cp36m-manylinux2010_i686.whl", hash = "sha256:295359a2cc78736737dd88c343cd0747546b2174b5e1adc223824bcaf3e164cb"},
    {file = "websockets-8.1-cp36-cp36m-manylinux2010_x86_64.whl", hash = "sha256:1d3f1bf059d04a4e0eb4985a887d49195e15ebabc42364f4eb564b1d065793f5"},
    {file = "websockets-8.1-cp36-cp36m-win32.whl", hash = "sha256:2db62a9142e88535038a6bcfea70ef9447696ea77891aebb730a333a51ed559a"},
    {file = "websockets-8.1-cp36-cp36m-win_amd64.whl", hash = "sha256:0e4fb4de42701340bd2353bb2eee45314651caa6ccee80dbd5f5d5978888fed5"},
    {file = "websockets-8.1-cp37-cp37m-macosx_10_6_intel.whl", hash = "sha256:9b248ba3dd8a03b1a10b19efe7d4f7fa41d158fdaa95e2cf65af5a7b95a4f989"},
    {file = "websockets-8.1-cp37-cp37m-manylinux1_i686.whl", hash = "sha256:ce85b06a10fc65e6143518b96d3dca27b081a740bae261c2fb20375801a9d56d"},
    {file = "websockets-8.1-cp37-cp37m-manylinux1_x86_64.whl", hash = "sha256:965889d9f0e2a75edd81a07592d0ced54daa5b0785f57dc429c378edbcffe779"},
    {file = "websockets-8.1-cp37-cp37m-manylinux2010_i686.whl", hash = "sha256:751a556205d8245ff94aeef23546a1113b1dd4f6e4d102ded66c39b99c2ce6c8"},
    {file = "websockets-8.1-cp37-cp37m-manylinux2010_x86_64.whl", hash = "sha256:3ef56fcc7b1ff90de46ccd5a687bbd13a3180132268c4254fc0fa44ecf4fc422"},
    {file = "websockets-8.1-cp37-cp37m-win32.whl", hash = "sha256:7ff46d441db78241f4c6c27b3868c9ae71473fe03341340d2dfdbe8d79310acc"},
    {file = "websockets-8.1-cp37-cp37m-win_amd64.whl", hash = "sha256:20891f0dddade307ffddf593c733a3fdb6b83e6f9eef85908113e628fa5a8308"},
    {file = "websockets-8.1-cp38-cp38-macosx_10_9_x86_64.whl", hash = "sha256:c1ec8db4fac31850286b7cd3b9c0e1b944204668b8eb721674916d4e28744092"},
    {file = "websockets-8.1-cp38-cp38-manylinux1_i686.whl", hash = "sha256:5c01fd846263a75bc8a2b9542606927cfad57e7282965d96b93c387622487485"},
    {file = "websockets-8.1-cp38-cp38-manylinux1_x86_64.whl", hash = "sha256:9bef37ee224e104a413f0780e29adb3e514a5b698aabe0d969a6ba426b8435d1"},
    {file = "websockets-8.1-cp38-cp38-manylinux2010_i686.whl", hash = "sha256:d705f8aeecdf3262379644e4b55107a3b55860eb812b673b28d0fbc347a60c55"},
    {file = "websockets-8.1-cp38-cp38-manylinux2010_x86_64.whl", hash = "sha256:c8a116feafdb1f84607cb3b14aa1418424ae71fee131642fc568d21423b51824"},
    {file = "websockets-8.1-cp38-cp38-win32.whl", hash = "sha256:e898a0863421650f0bebac8ba40840fc02258ef4714cb7e1fd76b6a6354bda36"},
    {file = "websockets-8.1-cp38-cp38-win_amd64.whl", hash = "sha256:f8a7bff6e8664afc4e6c28b983845c5bc14965030e3fb98789734d416af77c4b"},
    {file = "websockets-8.1.tar.gz", hash = "sha256:5c65d2da8c6bce0fca2528f69f44b2f977e06954c8512a952222cea50dad430f"},
]
"zipp 3.1.0" = [
    {file = "zipp-3.1.0-py3-none-any.whl", hash = "sha256:aa36550ff0c0b7ef7fa639055d797116ee891440eac1a56f378e2d3179e0320b"},
    {file = "zipp-3.1.0.tar.gz", hash = "sha256:c599e4d75c98f6798c509911d08a22e6c021d074469042177c8c86fb92eefd96"},
]

[root]
meta_version = "0.0.1"
content_hash = "md5:b9a8d08339259a357df77845a027591c"
